// !$*UTF8*$!
{
	archiveVersion = 1;
	classes = {
	};
	objectVersion = 50;
	objects = {

/* Begin PBXBuildFile section */
		0B72002E3D217A7732AEACD6 /* Pods_IGListKitTest.framework in Frameworks */ = {isa = PBXBuildFile; fileRef = 97417B3512AB5278C883C8C5 /* Pods_IGListKitTest.framework */; };
		B751471121021BB600A201DE /* TextSectionController.swift in Sources */ = {isa = PBXBuildFile; fileRef = B751471021021BB600A201DE /* TextSectionController.swift */; };
		B751471321022BBA00A201DE /* Person.swift in Sources */ = {isa = PBXBuildFile; fileRef = B751471221022BBA00A201DE /* Person.swift */; };
		B75147152102333F00A201DE /* NoPeopleView.swift in Sources */ = {isa = PBXBuildFile; fileRef = B75147142102333F00A201DE /* NoPeopleView.swift */; };
		B75147172102382300A201DE /* TextCollectionViewCell.xib in Resources */ = {isa = PBXBuildFile; fileRef = B75147162102382300A201DE /* TextCollectionViewCell.xib */; };
		B75DE3EA2101301C00DBAE8E /* AppDelegate.swift in Sources */ = {isa = PBXBuildFile; fileRef = B75DE3E92101301C00DBAE8E /* AppDelegate.swift */; };
		B75DE3EC2101301D00DBAE8E /* ViewController.swift in Sources */ = {isa = PBXBuildFile; fileRef = B75DE3EB2101301D00DBAE8E /* ViewController.swift */; };
		B75DE3EF2101301D00DBAE8E /* Main.storyboard in Resources */ = {isa = PBXBuildFile; fileRef = B75DE3ED2101301D00DBAE8E /* Main.storyboard */; };
		B75DE3F12101302200DBAE8E /* Assets.xcassets in Resources */ = {isa = PBXBuildFile; fileRef = B75DE3F02101302200DBAE8E /* Assets.xcassets */; };
		B75DE3F42101302200DBAE8E /* LaunchScreen.storyboard in Resources */ = {isa = PBXBuildFile; fileRef = B75DE3F22101302200DBAE8E /* LaunchScreen.storyboard */; };
		B76403C52101358500EB8482 /* TextCollectionViewCell.swift in Sources */ = {isa = PBXBuildFile; fileRef = B76403C42101358500EB8482 /* TextCollectionViewCell.swift */; };
/* End PBXBuildFile section */

/* Begin PBXFileReference section */
		0B2363DFA4AD7A80866DC39F /* Pods-IGListKitTest.debug.xcconfig */ = {isa = PBXFileReference; includeInIndex = 1; lastKnownFileType = text.xcconfig; name = "Pods-IGListKitTest.debug.xcconfig"; path = "Pods/Target Support Files/Pods-IGListKitTest/Pods-IGListKitTest.debug.xcconfig"; sourceTree = "<group>"; };
		97417B3512AB5278C883C8C5 /* Pods_IGListKitTest.framework */ = {isa = PBXFileReference; explicitFileType = wrapper.framework; includeInIndex = 0; path = Pods_IGListKitTest.framework; sourceTree = BUILT_PRODUCTS_DIR; };
		B751471021021BB600A201DE /* TextSectionController.swift */ = {isa = PBXFileReference; lastKnownFileType = sourcecode.swift; path = TextSectionController.swift; sourceTree = "<group>"; };
		B751471221022BBA00A201DE /* Person.swift */ = {isa = PBXFileReference; lastKnownFileType = sourcecode.swift; path = Person.swift; sourceTree = "<group>"; };
		B75147142102333F00A201DE /* NoPeopleView.swift */ = {isa = PBXFileReference; lastKnownFileType = sourcecode.swift; path = NoPeopleView.swift; sourceTree = "<group>"; };
		B75147162102382300A201DE /* TextCollectionViewCell.xib */ = {isa = PBXFileReference; lastKnownFileType = file.xib; path = TextCollectionViewCell.xib; sourceTree = "<group>"; };
		B75DE3E62101301C00DBAE8E /* IGListKitTest.app */ = {isa = PBXFileReference; explicitFileType = wrapper.application; includeInIndex = 0; path = IGListKitTest.app; sourceTree = BUILT_PRODUCTS_DIR; };
		B75DE3E92101301C00DBAE8E /* AppDelegate.swift */ = {isa = PBXFileReference; lastKnownFileType = sourcecode.swift; path = AppDelegate.swift; sourceTree = "<group>"; };
		B75DE3EB2101301D00DBAE8E /* ViewController.swift */ = {isa = PBXFileReference; lastKnownFileType = sourcecode.swift; path = ViewController.swift; sourceTree = "<group>"; };
		B75DE3EE2101301D00DBAE8E /* Base */ = {isa = PBXFileReference; lastKnownFileType = file.storyboard; name = Base; path = Base.lproj/Main.storyboard; sourceTree = "<group>"; };
		B75DE3F02101302200DBAE8E /* Assets.xcassets */ = {isa = PBXFileReference; lastKnownFileType = folder.assetcatalog; path = Assets.xcassets; sourceTree = "<group>"; };
		B75DE3F32101302200DBAE8E /* Base */ = {isa = PBXFileReference; lastKnownFileType = file.storyboard; name = Base; path = Base.lproj/LaunchScreen.storyboard; sourceTree = "<group>"; };
		B75DE3F52101302200DBAE8E /* Info.plist */ = {isa = PBXFileReference; lastKnownFileType = text.plist.xml; path = Info.plist; sourceTree = "<group>"; };
		B76403C42101358500EB8482 /* TextCollectionViewCell.swift */ = {isa = PBXFileReference; lastKnownFileType = sourcecode.swift; path = TextCollectionViewCell.swift; sourceTree = "<group>"; };
		F61990988A1DD6A97B7B1D84 /* Pods-IGListKitTest.release.xcconfig */ = {isa = PBXFileReference; includeInIndex = 1; lastKnownFileType = text.xcconfig; name = "Pods-IGListKitTest.release.xcconfig"; path = "Pods/Target Support Files/Pods-IGListKitTest/Pods-IGListKitTest.release.xcconfig"; sourceTree = "<group>"; };
/* End PBXFileReference section */

/* Begin PBXFrameworksBuildPhase section */
		B75DE3E32101301C00DBAE8E /* Frameworks */ = {
			isa = PBXFrameworksBuildPhase;
			buildActionMask = 2147483647;
			files = (
				0B72002E3D217A7732AEACD6 /* Pods_IGListKitTest.framework in Frameworks */,
			);
			runOnlyForDeploymentPostprocessing = 0;
		};
/* End PBXFrameworksBuildPhase section */

/* Begin PBXGroup section */
		48FC4D9FEE74C15EF3558615 /* Frameworks */ = {
			isa = PBXGroup;
			children = (
				97417B3512AB5278C883C8C5 /* Pods_IGListKitTest.framework */,
			);
			name = Frameworks;
			sourceTree = "<group>";
		};
		B75DE3DD2101301C00DBAE8E = {
			isa = PBXGroup;
			children = (
				B75DE3E82101301C00DBAE8E /* IGListKitTest */,
				B75DE3E72101301C00DBAE8E /* Products */,
				E61F79912560D78EBEE1640C /* Pods */,
				48FC4D9FEE74C15EF3558615 /* Frameworks */,
			);
			sourceTree = "<group>";
		};
		B75DE3E72101301C00DBAE8E /* Products */ = {
			isa = PBXGroup;
			children = (
				B75DE3E62101301C00DBAE8E /* IGListKitTest.app */,
			);
			name = Products;
			sourceTree = "<group>";
		};
		B75DE3E82101301C00DBAE8E /* IGListKitTest */ = {
			isa = PBXGroup;
			children = (
				B75DE3E92101301C00DBAE8E /* AppDelegate.swift */,
				B75DE3EB2101301D00DBAE8E /* ViewController.swift */,
				B75DE3ED2101301D00DBAE8E /* Main.storyboard */,
				B75DE3F02101302200DBAE8E /* Assets.xcassets */,
				B75DE3F22101302200DBAE8E /* LaunchScreen.storyboard */,
				B75DE3F52101302200DBAE8E /* Info.plist */,
				B76403C42101358500EB8482 /* TextCollectionViewCell.swift */,
				B75147162102382300A201DE /* TextCollectionViewCell.xib */,
				B751471021021BB600A201DE /* TextSectionController.swift */,
				B751471221022BBA00A201DE /* Person.swift */,
				B75147142102333F00A201DE /* NoPeopleView.swift */,
			);
			path = IGListKitTest;
			sourceTree = "<group>";
		};
		E61F79912560D78EBEE1640C /* Pods */ = {
			isa = PBXGroup;
			children = (
				0B2363DFA4AD7A80866DC39F /* Pods-IGListKitTest.debug.xcconfig */,
				F61990988A1DD6A97B7B1D84 /* Pods-IGListKitTest.release.xcconfig */,
			);
			name = Pods;
			sourceTree = "<group>";
		};
/* End PBXGroup section */

/* Begin PBXNativeTarget section */
		B75DE3E52101301C00DBAE8E /* IGListKitTest */ = {
			isa = PBXNativeTarget;
			buildConfigurationList = B75DE3F82101302200DBAE8E /* Build configuration list for PBXNativeTarget "IGListKitTest" */;
			buildPhases = (
				1DC0540472E214AE08D442D3 /* [CP] Check Pods Manifest.lock */,
				B75DE3E22101301C00DBAE8E /* Sources */,
				B75DE3E32101301C00DBAE8E /* Frameworks */,
				B75DE3E42101301C00DBAE8E /* Resources */,
				65B81B79F393706C08D75325 /* [CP] Embed Pods Frameworks */,
			);
			buildRules = (
			);
			dependencies = (
			);
			name = IGListKitTest;
			productName = IGListKitTest;
			productReference = B75DE3E62101301C00DBAE8E /* IGListKitTest.app */;
			productType = "com.apple.product-type.application";
		};
/* End PBXNativeTarget section */

/* Begin PBXProject section */
		B75DE3DE2101301C00DBAE8E /* Project object */ = {
			isa = PBXProject;
			attributes = {
				LastSwiftUpdateCheck = 0940;
				LastUpgradeCheck = 0940;
				ORGANIZATIONNAME = "Pedro Nascimento";
				TargetAttributes = {
					B75DE3E52101301C00DBAE8E = {
						CreatedOnToolsVersion = 9.4.1;
					};
				};
			};
			buildConfigurationList = B75DE3E12101301C00DBAE8E /* Build configuration list for PBXProject "IGListKitTest" */;
			compatibilityVersion = "Xcode 9.3";
			developmentRegion = en;
			hasScannedForEncodings = 0;
			knownRegions = (
				en,
				Base,
			);
			mainGroup = B75DE3DD2101301C00DBAE8E;
			productRefGroup = B75DE3E72101301C00DBAE8E /* Products */;
			projectDirPath = "";
			projectRoot = "";
			targets = (
				B75DE3E52101301C00DBAE8E /* IGListKitTest */,
			);
		};
/* End PBXProject section */

/* Begin PBXResourcesBuildPhase section */
		B75DE3E42101301C00DBAE8E /* Resources */ = {
			isa = PBXResourcesBuildPhase;
			buildActionMask = 2147483647;
			files = (
				B75DE3F42101302200DBAE8E /* LaunchScreen.storyboard in Resources */,
				B75DE3F12101302200DBAE8E /* Assets.xcassets in Resources */,
				B75DE3EF2101301D00DBAE8E /* Main.storyboard in Resources */,
				B75147172102382300A201DE /* TextCollectionViewCell.xib in Resources */,
			);
			runOnlyForDeploymentPostprocessing = 0;
		};
/* End PBXResourcesBuildPhase section */

/* Begin PBXShellScriptBuildPhase section */
		1DC0540472E214AE08D442D3 /* [CP] Check Pods Manifest.lock */ = {
			isa = PBXShellScriptBuildPhase;
			buildActionMask = 2147483647;
			files = (
			);
			inputPaths = (
				"${PODS_PODFILE_DIR_PATH}/Podfile.lock",
				"${PODS_ROOT}/Manifest.lock",
			);
			name = "[CP] Check Pods Manifest.lock";
			outputPaths = (
				"$(DERIVED_FILE_DIR)/Pods-IGListKitTest-checkManifestLockResult.txt",
			);
			runOnlyForDeploymentPostprocessing = 0;
			shellPath = /bin/sh;
			shellScript = "diff \"${PODS_PODFILE_DIR_PATH}/Podfile.lock\" \"${PODS_ROOT}/Manifest.lock\" > /dev/null\nif [ $? != 0 ] ; then\n    # print error to STDERR\n    echo \"error: The sandbox is not in sync with the Podfile.lock. Run 'pod install' or update your CocoaPods installation.\" >&2\n    exit 1\nfi\n# This output is used by Xcode 'outputs' to avoid re-running this script phase.\necho \"SUCCESS\" > \"${SCRIPT_OUTPUT_FILE_0}\"\n";
			showEnvVarsInLog = 0;
		};
		65B81B79F393706C08D75325 /* [CP] Embed Pods Frameworks */ = {
			isa = PBXShellScriptBuildPhase;
			buildActionMask = 2147483647;
			files = (
			);
			inputPaths = (
				"${SRCROOT}/Pods/Target Support Files/Pods-IGListKitTest/Pods-IGListKitTest-frameworks.sh",
				"${BUILT_PRODUCTS_DIR}/IGListKit/IGListKit.framework",
			);
			name = "[CP] Embed Pods Frameworks";
			outputPaths = (
				"${TARGET_BUILD_DIR}/${FRAMEWORKS_FOLDER_PATH}/IGListKit.framework",
			);
			runOnlyForDeploymentPostprocessing = 0;
			shellPath = /bin/sh;
			shellScript = "\"${SRCROOT}/Pods/Target Support Files/Pods-IGListKitTest/Pods-IGListKitTest-frameworks.sh\"\n";
			showEnvVarsInLog = 0;
		};
/* End PBXShellScriptBuildPhase section */

/* Begin PBXSourcesBuildPhase section */
		B75DE3E22101301C00DBAE8E /* Sources */ = {
			isa = PBXSourcesBuildPhase;
			buildActionMask = 2147483647;
			files = (
				B75147152102333F00A201DE /* NoPeopleView.swift in Sources */,
				B751471321022BBA00A201DE /* Person.swift in Sources */,
				B751471121021BB600A201DE /* TextSectionController.swift in Sources */,
				B75DE3EC2101301D00DBAE8E /* ViewController.swift in Sources */,
				B76403C52101358500EB8482 /* TextCollectionViewCell.swift in Sources */,
				B75DE3EA2101301C00DBAE8E /* AppDelegate.swift in Sources */,
			);
			runOnlyForDeploymentPostprocessing = 0;
		};
/* End PBXSourcesBuildPhase section */

/* Begin PBXVariantGroup section */
		B75DE3ED2101301D00DBAE8E /* Main.storyboard */ = {
			isa = PBXVariantGroup;
			children = (
				B75DE3EE2101301D00DBAE8E /* Base */,
			);
			name = Main.storyboard;
			sourceTree = "<group>";
		};
		B75DE3F22101302200DBAE8E /* LaunchScreen.storyboard */ = {
			isa = PBXVariantGroup;
			children = (
				B75DE3F32101302200DBAE8E /* Base */,
			);
			name = LaunchScreen.storyboard;
			sourceTree = "<group>";
		};
/* End PBXVariantGroup section */

/* Begin XCBuildConfiguration section */
		B75DE3F62101302200DBAE8E /* Debug */ = {
			isa = XCBuildConfiguration;
			buildSettings = {
				ALWAYS_SEARCH_USER_PATHS = NO;
				CLANG_ANALYZER_NONNULL = YES;
				CLANG_ANALYZER_NUMBER_OBJECT_CONVERSION = YES_AGGRESSIVE;
				CLANG_CXX_LANGUAGE_STANDARD = "gnu++14";
				CLANG_CXX_LIBRARY = "libc++";
				CLANG_ENABLE_MODULES = YES;
				CLANG_ENABLE_OBJC_ARC = YES;
				CLANG_ENABLE_OBJC_WEAK = YES;
				CLANG_WARN_BLOCK_CAPTURE_AUTORELEASING = YES;
				CLANG_WARN_BOOL_CONVERSION = YES;
				CLANG_WARN_COMMA = YES;
				CLANG_WARN_CONSTANT_CONVERSION = YES;
				CLANG_WARN_DEPRECATED_OBJC_IMPLEMENTATIONS = YES;
				CLANG_WARN_DIRECT_OBJC_ISA_USAGE = YES_ERROR;
				CLANG_WARN_DOCUMENTATION_COMMENTS = YES;
				CLANG_WARN_EMPTY_BODY = YES;
				CLANG_WARN_ENUM_CONVERSION = YES;
				CLANG_WARN_INFINITE_RECURSION = YES;
				CLANG_WARN_INT_CONVERSION = YES;
				CLANG_WARN_NON_LITERAL_NULL_CONVERSION = YES;
				CLANG_WARN_OBJC_IMPLICIT_RETAIN_SELF = YES;
				CLANG_WARN_OBJC_LITERAL_CONVERSION = YES;
				CLANG_WARN_OBJC_ROOT_CLASS = YES_ERROR;
				CLANG_WARN_RANGE_LOOP_ANALYSIS = YES;
				CLANG_WARN_STRICT_PROTOTYPES = YES;
				CLANG_WARN_SUSPICIOUS_MOVE = YES;
				CLANG_WARN_UNGUARDED_AVAILABILITY = YES_AGGRESSIVE;
				CLANG_WARN_UNREACHABLE_CODE = YES;
				CLANG_WARN__DUPLICATE_METHOD_MATCH = YES;
				CODE_SIGN_IDENTITY = "iPhone Developer";
				COPY_PHASE_STRIP = NO;
				DEBUG_INFORMATION_FORMAT = dwarf;
				ENABLE_STRICT_OBJC_MSGSEND = YES;
				ENABLE_TESTABILITY = YES;
				GCC_C_LANGUAGE_STANDARD = gnu11;
				GCC_DYNAMIC_NO_PIC = NO;
				GCC_NO_COMMON_BLOCKS = YES;
				GCC_OPTIMIZATION_LEVEL = 0;
				GCC_PREPROCESSOR_DEFINITIONS = (
					"DEBUG=1",
					"$(inherited)",
				);
				GCC_WARN_64_TO_32_BIT_CONVERSION = YES;
				GCC_WARN_ABOUT_RETURN_TYPE = YES_ERROR;
				GCC_WARN_UNDECLARED_SELECTOR = YES;
				GCC_WARN_UNINITIALIZED_AUTOS = YES_AGGRESSIVE;
				GCC_WARN_UNUSED_FUNCTION = YES;
				GCC_WARN_UNUSED_VARIABLE = YES;
				IPHONEOS_DEPLOYMENT_TARGET = 11.4;
				MTL_ENABLE_DEBUG_INFO = YES;
				ONLY_ACTIVE_ARCH = YES;
				SDKROOT = iphoneos;
				SWIFT_ACTIVE_COMPILATION_CONDITIONS = DEBUG;
				SWIFT_OPTIMIZATION_LEVEL = "-Onone";
			};
			name = Debug;
		};
		B75DE3F72101302200DBAE8E /* Release */ = {
			isa = XCBuildConfiguration;
			buildSettings = {
				ALWAYS_SEARCH_USER_PATHS = NO;
				CLANG_ANALYZER_NONNULL = YES;
				CLANG_ANALYZER_NUMBER_OBJECT_CONVERSION = YES_AGGRESSIVE;
				CLANG_CXX_LANGUAGE_STANDARD = "gnu++14";
				CLANG_CXX_LIBRARY = "libc++";
				CLANG_ENABLE_MODULES = YES;
				CLANG_ENABLE_OBJC_ARC = YES;
				CLANG_ENABLE_OBJC_WEAK = YES;
				CLANG_WARN_BLOCK_CAPTURE_AUTORELEASING = YES;
				CLANG_WARN_BOOL_CONVERSION = YES;
				CLANG_WARN_COMMA = YES;
				CLANG_WARN_CONSTANT_CONVERSION = YES;
				CLANG_WARN_DEPRECATED_OBJC_IMPLEMENTATIONS = YES;
				CLANG_WARN_DIRECT_OBJC_ISA_USAGE = YES_ERROR;
				CLANG_WARN_DOCUMENTATION_COMMENTS = YES;
				CLANG_WARN_EMPTY_BODY = YES;
				CLANG_WARN_ENUM_CONVERSION = YES;
				CLANG_WARN_INFINITE_RECURSION = YES;
				CLANG_WARN_INT_CONVERSION = YES;
				CLANG_WARN_NON_LITERAL_NULL_CONVERSION = YES;
				CLANG_WARN_OBJC_IMPLICIT_RETAIN_SELF = YES;
				CLANG_WARN_OBJC_LITERAL_CONVERSION = YES;
				CLANG_WARN_OBJC_ROOT_CLASS = YES_ERROR;
				CLANG_WARN_RANGE_LOOP_ANALYSIS = YES;
				CLANG_WARN_STRICT_PROTOTYPES = YES;
				CLANG_WARN_SUSPICIOUS_MOVE = YES;
				CLANG_WARN_UNGUARDED_AVAILABILITY = YES_AGGRESSIVE;
				CLANG_WARN_UNREACHABLE_CODE = YES;
				CLANG_WARN__DUPLICATE_METHOD_MATCH = YES;
				CODE_SIGN_IDENTITY = "iPhone Developer";
				COPY_PHASE_STRIP = NO;
				DEBUG_INFORMATION_FORMAT = "dwarf-with-dsym";
				ENABLE_NS_ASSERTIONS = NO;
				ENABLE_STRICT_OBJC_MSGSEND = YES;
				GCC_C_LANGUAGE_STANDARD = gnu11;
				GCC_NO_COMMON_BLOCKS = YES;
				GCC_WARN_64_TO_32_BIT_CONVERSION = YES;
				GCC_WARN_ABOUT_RETURN_TYPE = YES_ERROR;
				GCC_WARN_UNDECLARED_SELECTOR = YES;
				GCC_WARN_UNINITIALIZED_AUTOS = YES_AGGRESSIVE;
				GCC_WARN_UNUSED_FUNCTION = YES;
				GCC_WARN_UNUSED_VARIABLE = YES;
				IPHONEOS_DEPLOYMENT_TARGET = 11.4;
				MTL_ENABLE_DEBUG_INFO = NO;
				SDKROOT = iphoneos;
				SWIFT_COMPILATION_MODE = wholemodule;
				SWIFT_OPTIMIZATION_LEVEL = "-O";
				VALIDATE_PRODUCT = YES;
			};
			name = Release;
		};
		B75DE3F92101302200DBAE8E /* Debug */ = {
			isa = XCBuildConfiguration;
			baseConfigurationReference = 0B2363DFA4AD7A80866DC39F /* Pods-IGListKitTest.debug.xcconfig */;
			buildSettings = {
				ASSETCATALOG_COMPILER_APPICON_NAME = AppIcon;
				CODE_SIGN_STYLE = Automatic;
				INFOPLIST_FILE = IGListKitTest/Info.plist;
				LD_RUNPATH_SEARCH_PATHS = (
					"$(inherited)",
					"@executable_path/Frameworks",
				);
				PRODUCT_BUNDLE_IDENTIFIER = br.com.pedrovcn.IGListKitTest;
				PRODUCT_NAME = "$(TARGET_NAME)";
				SWIFT_VERSION = 4.0;
				TARGETED_DEVICE_FAMILY = "1,2";
			};
			name = Debug;
		};
		B75DE3FA2101302200DBAE8E /* Release */ = {
			isa = XCBuildConfiguration;
			baseConfigurationReference = F61990988A1DD6A97B7B1D84 /* Pods-IGListKitTest.release.xcconfig */;
			buildSettings = {
				ASSETCATALOG_COMPILER_APPICON_NAME = AppIcon;
				CODE_SIGN_STYLE = Automatic;
				INFOPLIST_FILE = IGListKitTest/Info.plist;
				LD_RUNPATH_SEARCH_PATHS = (
					"$(inherited)",
					"@executable_path/Frameworks",
				);
				PRODUCT_BUNDLE_IDENTIFIER = br.com.pedrovcn.IGListKitTest;
				PRODUCT_NAME = "$(TARGET_NAME)";
				SWIFT_VERSION = 4.0;
				TARGETED_DEVICE_FAMILY = "1,2";
			};
			name = Release;
		};
/* End XCBuildConfiguration section */

/* Begin XCConfigurationList section */
		B75DE3E12101301C00DBAE8E /* Build configuration list for PBXProject "IGListKitTest" */ = {
			isa = XCConfigurationList;
			buildConfigurations = (
				B75DE3F62101302200DBAE8E /* Debug */,
				B75DE3F72101302200DBAE8E /* Release */,
			);
			defaultConfigurationIsVisible = 0;
			defaultConfigurationName = Release;
		};
		B75DE3F82101302200DBAE8E /* Build configuration list for PBXNativeTarget "IGListKitTest" */ = {
			isa = XCConfigurationList;
			buildConfigurations = (
				B75DE3F92101302200DBAE8E /* Debug */,
				B75DE3FA2101302200DBAE8E /* Release */,
			);
			defaultConfigurationIsVisible = 0;
			defaultConfigurationName = Release;
		};
/* End XCConfigurationList section */
	};
	rootObject = B75DE3DE2101301C00DBAE8E /* Project object */;
}
